
Microsoft Visual Studio Solution File, Format Version 12.00
# Visual Studio Version 17
VisualStudioVersion = 17.5.002.0
MinimumVisualStudioVersion = 10.0.40219.1
Project("{9A19103F-16F7-4668-BE54-9A1E7A4F7556}") = "TrilhaApiDesafio", "TrilhaApiDesafio.csproj", "{00540EA9-E8AE-49ED-8109-223C389FC189}"
EndProject
Global
	GlobalSection(SolutionConfigurationPlatforms) = preSolution
		Debug|Any CPU = Debug|Any CPU
		Release|Any CPU = Release|Any CPU
	EndGlobalSection
	GlobalSection(ProjectConfigurationPlatforms) = postSolution
		{00540EA9-E8AE-49ED-8109-223C389FC189}.Debug|Any CPU.ActiveCfg = Debug|Any CPU
		{00540EA9-E8AE-49ED-8109-223C389FC189}.Debug|Any CPU.Build.0 = Debug|Any CPU
		{00540EA9-E8AE-49ED-8109-223C389FC189}.Release|Any CPU.ActiveCfg = Release|Any CPU
		{00540EA9-E8AE-49ED-8109-223C389FC189}.Release|Any CPU.Build.0 = Release|Any CPU
	EndGlobalSection
	GlobalSection(SolutionProperties) = preSolution
		HideSolutionNode = FALSE
	EndGlobalSection
	GlobalSection(ExtensibilityGlobals) = postSolution
		SolutionGuid = {5C99F364-09A8-4A13-B9B3-C8320844FB9F}
	EndGlobalSection
EndGlobal
